# THIS IS AN AUTOGENERATED FILE. DO NOT EDIT THIS FILE DIRECTLY.
# yarn lockfile v1


vue3-carousel@^0.1.11:
  version "0.1.11"
  resolved "https://registry.yarnpkg.com/vue3-carousel/-/vue3-carousel-0.1.11.tgz#8c670d750dd8c230ec7bee2ff9661b56d4f23c1c"
  integrity sha512-XwFYSYxOXCi7yoJAY8J9YKMCpej4vlgar3DFVCF2F/Vcp0ooPHaaMVqyWyX1PhdO9VJi2KCr5HdesLGg/8Sxww==
