# THIS IS AN AUTOGENERATED FILE. DO NOT EDIT THIS FILE DIRECTLY.
# yarn lockfile v1


"@babel/helper-validator-identifier@^7.12.11":
  version "7.12.11"
  resolved "https://registry.yarnpkg.com/@babel/helper-validator-identifier/-/helper-validator-identifier-7.12.11.tgz#c9a1f021917dcb5ccf0d4e453e399022981fc9ed"
  integrity sha512-np/lG3uARFybkoHokJUmf1QfEvRVCPbmQeUQpKow5cQ3xWrV9i3rUHodKDJPQfTVX61qKi+UdYk8kik84n7XOw==

"@babel/parser@^7.12.0":
  version "7.13.4"
  resolved "https://registry.yarnpkg.com/@babel/parser/-/parser-7.13.4.tgz#340211b0da94a351a6f10e63671fa727333d13ab"
  integrity sha512-uvoOulWHhI+0+1f9L4BoozY7U5cIkZ9PgJqvb041d6vypgUmtVPG4vmGm4pSggjl8BELzvHyUeJSUyEMY6b+qA==

"@babel/types@^7.12.0":
  version "7.13.0"
  resolved "https://registry.yarnpkg.com/@babel/types/-/types-7.13.0.tgz#74424d2816f0171b4100f0ab34e9a374efdf7f80"
  integrity sha512-hE+HE8rnG1Z6Wzo+MhaKE5lM5eMx71T4EHJgku2E3xIfaULhDcxiiRxUYgwX8qwP1BBSlag+TdGOt6JAidIZTA==
  dependencies:
    "@babel/helper-validator-identifier" "^7.12.11"
    lodash "^4.17.19"
    to-fast-properties "^2.0.0"

"@vue/compiler-core@3.0.6":
  version "3.0.6"
  resolved "https://registry.yarnpkg.com/@vue/compiler-core/-/compiler-core-3.0.6.tgz#265bbe0711a81ab4c1344f8294e22e2d08ca167d"
  integrity sha512-O7QzQ39DskOoPpEDWRvKwDX7Py9UNT7SvLHvBdIfckGA3OsAEBdiAtuYQNcVmUDeBajm+08v5wyvHWBbWgkilQ==
  dependencies:
    "@babel/parser" "^7.12.0"
    "@babel/types" "^7.12.0"
    "@vue/shared" "3.0.6"
    estree-walker "^2.0.1"
    source-map "^0.6.1"

"@vue/compiler-dom@3.0.6":
  version "3.0.6"
  resolved "https://registry.yarnpkg.com/@vue/compiler-dom/-/compiler-dom-3.0.6.tgz#f94c3959320a1252915bd02b943f96a7ee3fc951"
  integrity sha512-q1wfHzYwvDRAhBlx+Qa+n3Bu5nHr1qL/j0UbpNlbQDwIlt9zpvmXUrUCL+i55Bh5lLKvSe+mNo0qlwNEApm+jA==
  dependencies:
    "@vue/compiler-core" "3.0.6"
    "@vue/shared" "3.0.6"

"@vue/reactivity@3.0.6":
  version "3.0.6"
  resolved "https://registry.yarnpkg.com/@vue/reactivity/-/reactivity-3.0.6.tgz#7b16f3d5d04cc55028085fff0bb8475cc0e32991"
  integrity sha512-hX8PnZayNMoljWSYrZW0OclQnRaMoHxvi5eeFVFPDr7+tzBeiftmmozKttxxCLoDxBWX1B4gNc237DIcYU63Lw==
  dependencies:
    "@vue/shared" "3.0.6"

"@vue/runtime-core@3.0.6":
  version "3.0.6"
  resolved "https://registry.yarnpkg.com/@vue/runtime-core/-/runtime-core-3.0.6.tgz#d16779b5664593f1d25be677fb1b1968024aa532"
  integrity sha512-x6N38P0DeMyrHiAxCE/rACHTyydOzlg8IyUIPkSJ4rrSkuJnAtFKQicK6fm8NuD21dwdPr8KcZ4Cn4xaqL1JJg==
  dependencies:
    "@vue/reactivity" "3.0.6"
    "@vue/shared" "3.0.6"

"@vue/runtime-dom@3.0.6":
  version "3.0.6"
  resolved "https://registry.yarnpkg.com/@vue/runtime-dom/-/runtime-dom-3.0.6.tgz#e7d6c61913d871f1f020a9a81b558c8fcbeba8c6"
  integrity sha512-Y6y4Tak9//VXB2mp2NVQxbwC4a5xsnJpotpo8yBAB3qB3L4v4HQLpqxSkwThRwI6Y6Z7dydX/sgfraqLBE8BWg==
  dependencies:
    "@vue/runtime-core" "3.0.6"
    "@vue/shared" "3.0.6"
    csstype "^2.6.8"

"@vue/shared@3.0.6":
  version "3.0.6"
  resolved "https://registry.yarnpkg.com/@vue/shared/-/shared-3.0.6.tgz#d65576430fc4ad383dc7c829118798e5169178d4"
  integrity sha512-c37C60HpelUZIx+SNZVEINSxkFzQYhIXFg5AynnIA4QDBmY4iSPoACfGSwSUTCTKImukPeCgY2oqRJVP3R1Mnw==

csstype@^2.6.8:
  version "2.6.16"
  resolved "https://registry.yarnpkg.com/csstype/-/csstype-2.6.16.tgz#544d69f547013b85a40d15bff75db38f34fe9c39"
  integrity sha512-61FBWoDHp/gRtsoDkq/B1nWrCUG/ok1E3tUrcNbZjsE9Cxd9yzUirjS3+nAATB8U4cTtaQmAHbNndoFz5L6C9Q==

echarts@^5.0.1:
  version "5.0.2"
  resolved "https://registry.yarnpkg.com/echarts/-/echarts-5.0.2.tgz#1726d17a57cf05d62cd0567b4325e1201a56baf6"
  integrity sha512-En0VYpc96nw2/2AZoBWPHsGi471zMublttj50kfFpYAeR4geup0Tj9iVgEXh7QYZFPnRiruDJEjcB5PXZ+BYzQ==
  dependencies:
    tslib "2.0.3"
    zrender "5.0.4"

estree-walker@^2.0.1:
  version "2.0.2"
  resolved "https://registry.yarnpkg.com/estree-walker/-/estree-walker-2.0.2.tgz#52f010178c2a4c117a7757cfe942adb7d2da4cac"
  integrity sha512-Rfkk/Mp/DL7JVje3u18FxFujQlTNR2q6QfMSMB7AvCBx91NGj/ba3kCfza0f6dVDbw7YlRf/nDrn7pQrCCyQ/w==

lodash-es@^4.17.20:
  version "4.17.21"
  resolved "https://registry.yarnpkg.com/lodash-es/-/lodash-es-4.17.21.tgz#43e626c46e6591b7750beb2b50117390c609e3ee"
  integrity sha512-mKnC+QJ9pWVzv+C4/U3rRsHapFfHvQFoFB92e52xeyGMcX6/OlIl78je1u8vePzYZSkkogMPJ2yjxxsb89cxyw==

lodash@^4.17.19:
  version "4.17.21"
  resolved "https://registry.yarnpkg.com/lodash/-/lodash-4.17.21.tgz#679591c564c3bffaae8454cf0b3df370c3d6911c"
  integrity sha512-v2kDEe57lecTulaDIuNTPy3Ry4gLGJ6Z1O3vE1krgXZNrsQ+LFTGHVxVjcXPs17LhbZVGedAJv8XZ1tvj5FvSg==

resize-observer-polyfill@^1.5.1:
  version "1.5.1"
  resolved "https://registry.yarnpkg.com/resize-observer-polyfill/-/resize-observer-polyfill-1.5.1.tgz#0e9020dd3d21024458d4ebd27e23e40269810464"
  integrity sha512-LwZrotdHOo12nQuZlHEmtuXdqGoOD0OhaxopaNFxWzInpEgaLWoVuAMbTzixuosCx2nEG58ngzW3vxdWoxIgdg==

source-map@^0.6.1:
  version "0.6.1"
  resolved "https://registry.yarnpkg.com/source-map/-/source-map-0.6.1.tgz#74722af32e9614e9c287a8d0bbde48b5e2f1a263"
  integrity sha512-UjgapumWlbMhkBgzT7Ykc5YXUT46F0iKu8SGXq0bcwP5dz/h0Plj6enJqjz1Zbq2l5WaqYnrVbwWOWMyF3F47g==

to-fast-properties@^2.0.0:
  version "2.0.0"
  resolved "https://registry.yarnpkg.com/to-fast-properties/-/to-fast-properties-2.0.0.tgz#dc5e698cbd079265bc73e0377681a4e4e83f616e"
  integrity sha1-3F5pjL0HkmW8c+A3doGk5Og/YW4=

tslib@2.0.3:
  version "2.0.3"
  resolved "https://registry.yarnpkg.com/tslib/-/tslib-2.0.3.tgz#8e0741ac45fc0c226e58a17bfc3e64b9bc6ca61c"
  integrity sha512-uZtkfKblCEQtZKBF6EBXVZeQNl82yqtDQdv+eck8u7tdPxjLu2/lp5/uPW+um2tpuxINHWy3GhiccY7QgEaVHQ==

tslib@^2.1.0:
  version "2.1.0"
  resolved "https://registry.yarnpkg.com/tslib/-/tslib-2.1.0.tgz#da60860f1c2ecaa5703ab7d39bc05b6bf988b97a"
  integrity sha512-hcVC3wYEziELGGmEEXue7D75zbwIIVUMWAVbHItGPx0ziyXxrOMQx4rQEVEV45Ut/1IotuEvwqPopzIOkDMf0A==

vue3-component-base@^0.0.4:
  version "0.0.4"
  resolved "https://registry.yarnpkg.com/vue3-component-base/-/vue3-component-base-0.0.4.tgz#c4e993d22e260b987be58724401eada3c0819784"
  integrity sha512-qs6PDZlcPkq4xFDM1uYVyONERbRZlNSlcIE5tM7ru8xV5LaSUkZQS7IZkVyee6W42JckpDdEyCuTizkNwp440g==
  dependencies:
    lodash-es "^4.17.20"
    tslib "^2.1.0"
    vue "^3.0.0"

vue3-echarts@^1.0.3:
  version "1.0.3"
  resolved "https://registry.yarnpkg.com/vue3-echarts/-/vue3-echarts-1.0.3.tgz#fdcb02618bf72c0d3cf590767fa4622cbd7ab798"
  integrity sha512-a9zKlbu0FzILIP4Yj9yc/mxXahF00amOJWLnxq+Rsxchh/DwqfFgJc1WAb4Tq54r1zfxpncZGugtZK9LT/DQyw==
  dependencies:
    echarts "^5.0.1"
    resize-observer-polyfill "^1.5.1"
    tslib "^2.1.0"
    vue "^3.0.0"
    vue3-component-base "^0.0.4"

vue@^3.0.0:
  version "3.0.6"
  resolved "https://registry.yarnpkg.com/vue/-/vue-3.0.6.tgz#2c16ed4bb66f16d6c6f6eaa3b7d5835a76598049"
  integrity sha512-fgjbe/+f1EsqG7ZbaFSnxdzQXF2DKoFCdJlPxZZJy9XMtyXS6SY8pGzLi8WYb4zmsPLHvTZz4bHW30kFDk7vfA==
  dependencies:
    "@vue/compiler-dom" "3.0.6"
    "@vue/runtime-dom" "3.0.6"
    "@vue/shared" "3.0.6"

zrender@5.0.4:
  version "5.0.4"
  resolved "https://registry.yarnpkg.com/zrender/-/zrender-5.0.4.tgz#89c355af908b9f64a301b38f751b7951f2c8a95a"
  integrity sha512-DJpy0yrHYY5CuH6vhb9IINWbjvBUe/56J8aH86Jb7O8rRPAYZ3M2E469Qf5B3EOIfM3o3aUrO5edRQfLJ+l1Qw==
  dependencies:
    tslib "2.0.3"
