# THIS IS AN AUTOGENERATED FILE. DO NOT EDIT THIS FILE DIRECTLY.
# yarn lockfile v1


"vueperslides@^3.2.0":
  "integrity" "sha512-s3zbhdC5vY67FuwOJ2F33FBdPFfqOLwgqDx9viCq+g4lbR86urU78J0vWisE/E2isc2m3wXw2akHpsH4pS2z4g=="
  "resolved" "https://registry.npmjs.org/vueperslides/-/vueperslides-3.2.0.tgz"
  "version" "3.2.0"
